// !$*UTF8*$!
{
	archiveVersion = 1;
	classes = {
	};
	objectVersion = 56;
	objects = {

/* Begin PBXBuildFile section */
		82525CFC6B390BE9254CCCB7 /* Pods_UIEqualizer.framework in Frameworks */ = {isa = PBXBuildFile; fileRef = 855AA4DE7A101938B62B165B /* Pods_UIEqualizer.framework */; };
		D8467AE02DEFFA110057FE8F /* EQLineChartData.swift in Sources */ = {isa = PBXBuildFile; fileRef = D8467AD22DEFFA110057FE8F /* EQLineChartData.swift */; };
		D8467AE12DEFFA110057FE8F /* RealmEQLineChart.swift in Sources */ = {isa = PBXBuildFile; fileRef = D8467AD32DEFFA110057FE8F /* RealmEQLineChart.swift */; };
		D8467AE22DEFFA110057FE8F /* BlurView.swift in Sources */ = {isa = PBXBuildFile; fileRef = D8467AD52DEFFA110057FE8F /* BlurView.swift */; };
		D8467AE32DEFFA110057FE8F /* Modify.swift in Sources */ = {isa = PBXBuildFile; fileRef = D8467AD62DEFFA110057FE8F /* Modify.swift */; };
		D8467AE42DEFFA110057FE8F /* ContainerEQView.swift in Sources */ = {isa = PBXBuildFile; fileRef = D8467AD82DEFFA110057FE8F /* ContainerEQView.swift */; };
		D8467AE52DEFFA110057FE8F /* EQualizerView.swift in Sources */ = {isa = PBXBuildFile; fileRef = D8467AD92DEFFA110057FE8F /* EQualizerView.swift */; };
		D8467AE62DEFFA110057FE8F /* ContentView.swift in Sources */ = {isa = PBXBuildFile; fileRef = D8467ADC2DEFFA110057FE8F /* ContentView.swift */; };
		D8467AE72DEFFA110057FE8F /* UIEqualizerApp.swift in Sources */ = {isa = PBXBuildFile; fileRef = D8467ADE2DEFFA110057FE8F /* UIEqualizerApp.swift */; };
		D8467AE82DEFFA110057FE8F /* Preview Assets.xcassets in Resources */ = {isa = PBXBuildFile; fileRef = D8467AD02DEFFA110057FE8F /* Preview Assets.xcassets */; };
		D8467AE92DEFFA110057FE8F /* Assets.xcassets in Resources */ = {isa = PBXBuildFile; fileRef = D8467ADB2DEFFA110057FE8F /* Assets.xcassets */; };
		D8467B672DF029890057FE8F /* PlayerButtonConfig.swift in Sources */ = {isa = PBXBuildFile; fileRef = D8467B662DF029840057FE8F /* PlayerButtonConfig.swift */; };
		D8467B692DF02BD40057FE8F /* PlayerButton.swift in Sources */ = {isa = PBXBuildFile; fileRef = D8467B682DF02BD40057FE8F /* PlayerButton.swift */; };
		D8467B6B2DF032E20057FE8F /* ToggleEQualizerView.swift in Sources */ = {isa = PBXBuildFile; fileRef = D8467B6A2DF032D90057FE8F /* ToggleEQualizerView.swift */; };
/* End PBXBuildFile section */

/* Begin PBXCopyFilesBuildPhase section */
		D8467AC82DEFEEE30057FE8F /* Embed Frameworks */ = {
			isa = PBXCopyFilesBuildPhase;
			buildActionMask = 2147483647;
			dstPath = "";
			dstSubfolderSpec = 10;
			files = (
			);
			name = "Embed Frameworks";
			runOnlyForDeploymentPostprocessing = 0;
		};
/* End PBXCopyFilesBuildPhase section */

/* Begin PBXFileReference section */
		855AA4DE7A101938B62B165B /* Pods_UIEqualizer.framework */ = {isa = PBXFileReference; explicitFileType = wrapper.framework; includeInIndex = 0; path = Pods_UIEqualizer.framework; sourceTree = BUILT_PRODUCTS_DIR; };
		892381CB2DEF114E000461E2 /* UIEqualizer.app */ = {isa = PBXFileReference; explicitFileType = wrapper.application; includeInIndex = 0; path = UIEqualizer.app; sourceTree = BUILT_PRODUCTS_DIR; };
		A6992D41AE6C57A688B68AF4 /* Pods-UIEqualizer.release.xcconfig */ = {isa = PBXFileReference; includeInIndex = 1; lastKnownFileType = text.xcconfig; name = "Pods-UIEqualizer.release.xcconfig"; path = "Target Support Files/Pods-UIEqualizer/Pods-UIEqualizer.release.xcconfig"; sourceTree = "<group>"; };
		D8467AD02DEFFA110057FE8F /* Preview Assets.xcassets */ = {isa = PBXFileReference; lastKnownFileType = folder.assetcatalog; path = "Preview Assets.xcassets"; sourceTree = "<group>"; };
		D8467AD22DEFFA110057FE8F /* EQLineChartData.swift */ = {isa = PBXFileReference; lastKnownFileType = sourcecode.swift; path = EQLineChartData.swift; sourceTree = "<group>"; };
		D8467AD32DEFFA110057FE8F /* RealmEQLineChart.swift */ = {isa = PBXFileReference; lastKnownFileType = sourcecode.swift; path = RealmEQLineChart.swift; sourceTree = "<group>"; };
		D8467AD52DEFFA110057FE8F /* BlurView.swift */ = {isa = PBXFileReference; lastKnownFileType = sourcecode.swift; path = BlurView.swift; sourceTree = "<group>"; };
		D8467AD62DEFFA110057FE8F /* Modify.swift */ = {isa = PBXFileReference; lastKnownFileType = sourcecode.swift; path = Modify.swift; sourceTree = "<group>"; };
		D8467AD82DEFFA110057FE8F /* ContainerEQView.swift */ = {isa = PBXFileReference; lastKnownFileType = sourcecode.swift; path = ContainerEQView.swift; sourceTree = "<group>"; };
		D8467AD92DEFFA110057FE8F /* EQualizerView.swift */ = {isa = PBXFileReference; lastKnownFileType = sourcecode.swift; path = EQualizerView.swift; sourceTree = "<group>"; };
		D8467ADB2DEFFA110057FE8F /* Assets.xcassets */ = {isa = PBXFileReference; lastKnownFileType = folder.assetcatalog; path = Assets.xcassets; sourceTree = "<group>"; };
		D8467ADC2DEFFA110057FE8F /* ContentView.swift */ = {isa = PBXFileReference; lastKnownFileType = sourcecode.swift; path = ContentView.swift; sourceTree = "<group>"; };
		D8467ADD2DEFFA110057FE8F /* UIEqualizer.entitlements */ = {isa = PBXFileReference; lastKnownFileType = text.plist.entitlements; path = UIEqualizer.entitlements; sourceTree = "<group>"; };
		D8467ADE2DEFFA110057FE8F /* UIEqualizerApp.swift */ = {isa = PBXFileReference; lastKnownFileType = sourcecode.swift; path = UIEqualizerApp.swift; sourceTree = "<group>"; };
		D8467B662DF029840057FE8F /* PlayerButtonConfig.swift */ = {isa = PBXFileReference; lastKnownFileType = sourcecode.swift; path = PlayerButtonConfig.swift; sourceTree = "<group>"; };
		D8467B682DF02BD40057FE8F /* PlayerButton.swift */ = {isa = PBXFileReference; lastKnownFileType = sourcecode.swift; path = PlayerButton.swift; sourceTree = "<group>"; };
		D8467B6A2DF032D90057FE8F /* ToggleEQualizerView.swift */ = {isa = PBXFileReference; lastKnownFileType = sourcecode.swift; path = ToggleEQualizerView.swift; sourceTree = "<group>"; };
		F72C028C3E5D2874CD1526CB /* Pods-UIEqualizer.debug.xcconfig */ = {isa = PBXFileReference; includeInIndex = 1; lastKnownFileType = text.xcconfig; name = "Pods-UIEqualizer.debug.xcconfig"; path = "Target Support Files/Pods-UIEqualizer/Pods-UIEqualizer.debug.xcconfig"; sourceTree = "<group>"; };
/* End PBXFileReference section */

/* Begin PBXFrameworksBuildPhase section */
		892381C82DEF114E000461E2 /* Frameworks */ = {
			isa = PBXFrameworksBuildPhase;
			buildActionMask = 2147483647;
			files = (
				82525CFC6B390BE9254CCCB7 /* Pods_UIEqualizer.framework in Frameworks */,
			);
			runOnlyForDeploymentPostprocessing = 0;
		};
/* End PBXFrameworksBuildPhase section */

/* Begin PBXGroup section */
		892381C22DEF114E000461E2 = {
			isa = PBXGroup;
			children = (
				D8467ADF2DEFFA110057FE8F /* UIEqualizer */,
				892381CC2DEF114E000461E2 /* Products */,
				BA99464ABB0CEA65552479CF /* Pods */,
				ECE88ED26BB4433F984403C4 /* Frameworks */,
			);
			sourceTree = "<group>";
		};
		892381CC2DEF114E000461E2 /* Products */ = {
			isa = PBXGroup;
			children = (
				892381CB2DEF114E000461E2 /* UIEqualizer.app */,
			);
			name = Products;
			sourceTree = "<group>";
		};
		BA99464ABB0CEA65552479CF /* Pods */ = {
			isa = PBXGroup;
			children = (
				F72C028C3E5D2874CD1526CB /* Pods-UIEqualizer.debug.xcconfig */,
				A6992D41AE6C57A688B68AF4 /* Pods-UIEqualizer.release.xcconfig */,
			);
			path = Pods;
			sourceTree = "<group>";
		};
		D8467AD12DEFFA110057FE8F /* Preview Content */ = {
			isa = PBXGroup;
			children = (
				D8467AD02DEFFA110057FE8F /* Preview Assets.xcassets */,
			);
			path = "Preview Content";
			sourceTree = "<group>";
		};
		D8467AD42DEFFA110057FE8F /* Models */ = {
			isa = PBXGroup;
			children = (
				D8467AD22DEFFA110057FE8F /* EQLineChartData.swift */,
				D8467AD32DEFFA110057FE8F /* RealmEQLineChart.swift */,
			);
			path = Models;
			sourceTree = "<group>";
		};
		D8467AD72DEFFA110057FE8F /* Subs */ = {
			isa = PBXGroup;
			children = (
				D8467B652DEFFFC10057FE8F /* Button+ */,
				D8467AD52DEFFA110057FE8F /* BlurView.swift */,
				D8467AD62DEFFA110057FE8F /* Modify.swift */,
			);
			path = Subs;
			sourceTree = "<group>";
		};
		D8467ADA2DEFFA110057FE8F /* Views */ = {
			isa = PBXGroup;
			children = (
				D8467AD42DEFFA110057FE8F /* Models */,
				D8467AD72DEFFA110057FE8F /* Subs */,
				D8467AD82DEFFA110057FE8F /* ContainerEQView.swift */,
				D8467AD92DEFFA110057FE8F /* EQualizerView.swift */,
				D8467B6A2DF032D90057FE8F /* ToggleEQualizerView.swift */,
			);
			path = Views;
			sourceTree = "<group>";
		};
		D8467ADF2DEFFA110057FE8F /* UIEqualizer */ = {
			isa = PBXGroup;
			children = (
				D8467AD12DEFFA110057FE8F /* Preview Content */,
				D8467ADA2DEFFA110057FE8F /* Views */,
				D8467ADB2DEFFA110057FE8F /* Assets.xcassets */,
				D8467ADC2DEFFA110057FE8F /* ContentView.swift */,
				D8467ADD2DEFFA110057FE8F /* UIEqualizer.entitlements */,
				D8467ADE2DEFFA110057FE8F /* UIEqualizerApp.swift */,
			);
			path = UIEqualizer;
			sourceTree = "<group>";
		};
		D8467B652DEFFFC10057FE8F /* Button+ */ = {
			isa = PBXGroup;
			children = (
				D8467B662DF029840057FE8F /* PlayerButtonConfig.swift */,
				D8467B682DF02BD40057FE8F /* PlayerButton.swift */,
			);
			path = "Button+";
			sourceTree = "<group>";
		};
		ECE88ED26BB4433F984403C4 /* Frameworks */ = {
			isa = PBXGroup;
			children = (
				855AA4DE7A101938B62B165B /* Pods_UIEqualizer.framework */,
			);
			name = Frameworks;
			sourceTree = "<group>";
		};
/* End PBXGroup section */

/* Begin PBXNativeTarget section */
		892381CA2DEF114E000461E2 /* UIEqualizer */ = {
			isa = PBXNativeTarget;
			buildConfigurationList = 892381DA2DEF1150000461E2 /* Build configuration list for PBXNativeTarget "UIEqualizer" */;
			buildPhases = (
				B46B3F8C765E1F856B69BF42 /* [CP] Check Pods Manifest.lock */,
				892381C72DEF114E000461E2 /* Sources */,
				892381C82DEF114E000461E2 /* Frameworks */,
				892381C92DEF114E000461E2 /* Resources */,
				D8467AC82DEFEEE30057FE8F /* Embed Frameworks */,
				2D2FA749D043FDAAA94CECD0 /* [CP] Embed Pods Frameworks */,
			);
			buildRules = (
			);
			dependencies = (
			);
			name = UIEqualizer;
			productName = UIEqualizer;
			productReference = 892381CB2DEF114E000461E2 /* UIEqualizer.app */;
			productType = "com.apple.product-type.application";
		};
/* End PBXNativeTarget section */

/* Begin PBXProject section */
		892381C32DEF114E000461E2 /* Project object */ = {
			isa = PBXProject;
			attributes = {
				BuildIndependentTargetsInParallel = 1;
				LastSwiftUpdateCheck = 1600;
				LastUpgradeCheck = 1600;
				TargetAttributes = {
					892381CA2DEF114E000461E2 = {
						CreatedOnToolsVersion = 16.0;
					};
				};
			};
			buildConfigurationList = 892381C62DEF114E000461E2 /* Build configuration list for PBXProject "UIEqualizer" */;
			compatibilityVersion = "Xcode 14.0";
			developmentRegion = en;
			hasScannedForEncodings = 0;
			knownRegions = (
				en,
				Base,
			);
			mainGroup = 892381C22DEF114E000461E2;
			productRefGroup = 892381CC2DEF114E000461E2 /* Products */;
			projectDirPath = "";
			projectRoot = "";
			targets = (
				892381CA2DEF114E000461E2 /* UIEqualizer */,
			);
		};
/* End PBXProject section */

/* Begin PBXResourcesBuildPhase section */
		892381C92DEF114E000461E2 /* Resources */ = {
			isa = PBXResourcesBuildPhase;
			buildActionMask = 2147483647;
			files = (
				D8467AE82DEFFA110057FE8F /* Preview Assets.xcassets in Resources */,
				D8467AE92DEFFA110057FE8F /* Assets.xcassets in Resources */,
			);
			runOnlyForDeploymentPostprocessing = 0;
		};
/* End PBXResourcesBuildPhase section */

/* Begin PBXShellScriptBuildPhase section */
		2D2FA749D043FDAAA94CECD0 /* [CP] Embed Pods Frameworks */ = {
			isa = PBXShellScriptBuildPhase;
			buildActionMask = 2147483647;
			files = (
			);
			inputFileListPaths = (
				"${PODS_ROOT}/Target Support Files/Pods-UIEqualizer/Pods-UIEqualizer-frameworks-${CONFIGURATION}-input-files.xcfilelist",
			);
			name = "[CP] Embed Pods Frameworks";
			outputFileListPaths = (
				"${PODS_ROOT}/Target Support Files/Pods-UIEqualizer/Pods-UIEqualizer-frameworks-${CONFIGURATION}-output-files.xcfilelist",
			);
			runOnlyForDeploymentPostprocessing = 0;
			shellPath = /bin/sh;
			shellScript = "\"${PODS_ROOT}/Target Support Files/Pods-UIEqualizer/Pods-UIEqualizer-frameworks.sh\"\n";
			showEnvVarsInLog = 0;
		};
		B46B3F8C765E1F856B69BF42 /* [CP] Check Pods Manifest.lock */ = {
			isa = PBXShellScriptBuildPhase;
			buildActionMask = 2147483647;
			files = (
			);
			inputFileListPaths = (
			);
			inputPaths = (
				"${PODS_PODFILE_DIR_PATH}/Podfile.lock",
				"${PODS_ROOT}/Manifest.lock",
			);
			name = "[CP] Check Pods Manifest.lock";
			outputFileListPaths = (
			);
			outputPaths = (
				"$(DERIVED_FILE_DIR)/Pods-UIEqualizer-checkManifestLockResult.txt",
			);
			runOnlyForDeploymentPostprocessing = 0;
			shellPath = /bin/sh;
			shellScript = "diff \"${PODS_PODFILE_DIR_PATH}/Podfile.lock\" \"${PODS_ROOT}/Manifest.lock\" > /dev/null\nif [ $? != 0 ] ; then\n    # print error to STDERR\n    echo \"error: The sandbox is not in sync with the Podfile.lock. Run 'pod install' or update your CocoaPods installation.\" >&2\n    exit 1\nfi\n# This output is used by Xcode 'outputs' to avoid re-running this script phase.\necho \"SUCCESS\" > \"${SCRIPT_OUTPUT_FILE_0}\"\n";
			showEnvVarsInLog = 0;
		};
/* End PBXShellScriptBuildPhase section */

/* Begin PBXSourcesBuildPhase section */
		892381C72DEF114E000461E2 /* Sources */ = {
			isa = PBXSourcesBuildPhase;
			buildActionMask = 2147483647;
			files = (
				D8467AE02DEFFA110057FE8F /* EQLineChartData.swift in Sources */,
				D8467AE12DEFFA110057FE8F /* RealmEQLineChart.swift in Sources */,
				D8467AE22DEFFA110057FE8F /* BlurView.swift in Sources */,
				D8467AE32DEFFA110057FE8F /* Modify.swift in Sources */,
				D8467B692DF02BD40057FE8F /* PlayerButton.swift in Sources */,
				D8467AE42DEFFA110057FE8F /* ContainerEQView.swift in Sources */,
				D8467AE52DEFFA110057FE8F /* EQualizerView.swift in Sources */,
				D8467B6B2DF032E20057FE8F /* ToggleEQualizerView.swift in Sources */,
				D8467AE62DEFFA110057FE8F /* ContentView.swift in Sources */,
				D8467AE72DEFFA110057FE8F /* UIEqualizerApp.swift in Sources */,
				D8467B672DF029890057FE8F /* PlayerButtonConfig.swift in Sources */,
			);
			runOnlyForDeploymentPostprocessing = 0;
		};
/* End PBXSourcesBuildPhase section */

/* Begin XCBuildConfiguration section */
		892381D82DEF1150000461E2 /* Debug */ = {
			isa = XCBuildConfiguration;
			buildSettings = {
				ALWAYS_SEARCH_USER_PATHS = NO;
				ASSETCATALOG_COMPILER_GENERATE_SWIFT_ASSET_SYMBOL_EXTENSIONS = YES;
				CLANG_ANALYZER_NONNULL = YES;
				CLANG_ANALYZER_NUMBER_OBJECT_CONVERSION = YES_AGGRESSIVE;
				CLANG_CXX_LANGUAGE_STANDARD = "gnu++20";
				CLANG_ENABLE_MODULES = YES;
				CLANG_ENABLE_OBJC_ARC = YES;
				CLANG_ENABLE_OBJC_WEAK = YES;
				CLANG_WARN_BLOCK_CAPTURE_AUTORELEASING = YES;
				CLANG_WARN_BOOL_CONVERSION = YES;
				CLANG_WARN_COMMA = YES;
				CLANG_WARN_CONSTANT_CONVERSION = YES;
				CLANG_WARN_DEPRECATED_OBJC_IMPLEMENTATIONS = YES;
				CLANG_WARN_DIRECT_OBJC_ISA_USAGE = YES_ERROR;
				CLANG_WARN_DOCUMENTATION_COMMENTS = YES;
				CLANG_WARN_EMPTY_BODY = YES;
				CLANG_WARN_ENUM_CONVERSION = YES;
				CLANG_WARN_INFINITE_RECURSION = YES;
				CLANG_WARN_INT_CONVERSION = YES;
				CLANG_WARN_NON_LITERAL_NULL_CONVERSION = YES;
				CLANG_WARN_OBJC_IMPLICIT_RETAIN_SELF = YES;
				CLANG_WARN_OBJC_LITERAL_CONVERSION = YES;
				CLANG_WARN_OBJC_ROOT_CLASS = YES_ERROR;
				CLANG_WARN_QUOTED_INCLUDE_IN_FRAMEWORK_HEADER = YES;
				CLANG_WARN_RANGE_LOOP_ANALYSIS = YES;
				CLANG_WARN_STRICT_PROTOTYPES = YES;
				CLANG_WARN_SUSPICIOUS_MOVE = YES;
				CLANG_WARN_UNGUARDED_AVAILABILITY = YES_AGGRESSIVE;
				CLANG_WARN_UNREACHABLE_CODE = YES;
				CLANG_WARN__DUPLICATE_METHOD_MATCH = YES;
				COPY_PHASE_STRIP = NO;
				DEBUG_INFORMATION_FORMAT = dwarf;
				ENABLE_STRICT_OBJC_MSGSEND = YES;
				ENABLE_TESTABILITY = YES;
				ENABLE_USER_SCRIPT_SANDBOXING = YES;
				GCC_C_LANGUAGE_STANDARD = gnu17;
				GCC_DYNAMIC_NO_PIC = NO;
				GCC_NO_COMMON_BLOCKS = YES;
				GCC_OPTIMIZATION_LEVEL = 0;
				GCC_PREPROCESSOR_DEFINITIONS = (
					"DEBUG=1",
					"$(inherited)",
				);
				GCC_WARN_64_TO_32_BIT_CONVERSION = YES;
				GCC_WARN_ABOUT_RETURN_TYPE = YES_ERROR;
				GCC_WARN_UNDECLARED_SELECTOR = YES;
				GCC_WARN_UNINITIALIZED_AUTOS = YES_AGGRESSIVE;
				GCC_WARN_UNUSED_FUNCTION = YES;
				GCC_WARN_UNUSED_VARIABLE = YES;
				LOCALIZATION_PREFERS_STRING_CATALOGS = YES;
				MTL_ENABLE_DEBUG_INFO = INCLUDE_SOURCE;
				MTL_FAST_MATH = YES;
				ONLY_ACTIVE_ARCH = YES;
				SWIFT_ACTIVE_COMPILATION_CONDITIONS = "DEBUG $(inherited)";
				SWIFT_OPTIMIZATION_LEVEL = "-Onone";
			};
			name = Debug;
		};
		892381D92DEF1150000461E2 /* Release */ = {
			isa = XCBuildConfiguration;
			buildSettings = {
				ALWAYS_SEARCH_USER_PATHS = NO;
				ASSETCATALOG_COMPILER_GENERATE_SWIFT_ASSET_SYMBOL_EXTENSIONS = YES;
				CLANG_ANALYZER_NONNULL = YES;
				CLANG_ANALYZER_NUMBER_OBJECT_CONVERSION = YES_AGGRESSIVE;
				CLANG_CXX_LANGUAGE_STANDARD = "gnu++20";
				CLANG_ENABLE_MODULES = YES;
				CLANG_ENABLE_OBJC_ARC = YES;
				CLANG_ENABLE_OBJC_WEAK = YES;
				CLANG_WARN_BLOCK_CAPTURE_AUTORELEASING = YES;
				CLANG_WARN_BOOL_CONVERSION = YES;
				CLANG_WARN_COMMA = YES;
				CLANG_WARN_CONSTANT_CONVERSION = YES;
				CLANG_WARN_DEPRECATED_OBJC_IMPLEMENTATIONS = YES;
				CLANG_WARN_DIRECT_OBJC_ISA_USAGE = YES_ERROR;
				CLANG_WARN_DOCUMENTATION_COMMENTS = YES;
				CLANG_WARN_EMPTY_BODY = YES;
				CLANG_WARN_ENUM_CONVERSION = YES;
				CLANG_WARN_INFINITE_RECURSION = YES;
				CLANG_WARN_INT_CONVERSION = YES;
				CLANG_WARN_NON_LITERAL_NULL_CONVERSION = YES;
				CLANG_WARN_OBJC_IMPLICIT_RETAIN_SELF = YES;
				CLANG_WARN_OBJC_LITERAL_CONVERSION = YES;
				CLANG_WARN_OBJC_ROOT_CLASS = YES_ERROR;
				CLANG_WARN_QUOTED_INCLUDE_IN_FRAMEWORK_HEADER = YES;
				CLANG_WARN_RANGE_LOOP_ANALYSIS = YES;
				CLANG_WARN_STRICT_PROTOTYPES = YES;
				CLANG_WARN_SUSPICIOUS_MOVE = YES;
				CLANG_WARN_UNGUARDED_AVAILABILITY = YES_AGGRESSIVE;
				CLANG_WARN_UNREACHABLE_CODE = YES;
				CLANG_WARN__DUPLICATE_METHOD_MATCH = YES;
				COPY_PHASE_STRIP = NO;
				DEBUG_INFORMATION_FORMAT = "dwarf-with-dsym";
				ENABLE_NS_ASSERTIONS = NO;
				ENABLE_STRICT_OBJC_MSGSEND = YES;
				ENABLE_USER_SCRIPT_SANDBOXING = YES;
				GCC_C_LANGUAGE_STANDARD = gnu17;
				GCC_NO_COMMON_BLOCKS = YES;
				GCC_WARN_64_TO_32_BIT_CONVERSION = YES;
				GCC_WARN_ABOUT_RETURN_TYPE = YES_ERROR;
				GCC_WARN_UNDECLARED_SELECTOR = YES;
				GCC_WARN_UNINITIALIZED_AUTOS = YES_AGGRESSIVE;
				GCC_WARN_UNUSED_FUNCTION = YES;
				GCC_WARN_UNUSED_VARIABLE = YES;
				LOCALIZATION_PREFERS_STRING_CATALOGS = YES;
				MTL_ENABLE_DEBUG_INFO = NO;
				MTL_FAST_MATH = YES;
				SWIFT_COMPILATION_MODE = wholemodule;
			};
			name = Release;
		};
		892381DB2DEF1150000461E2 /* Debug */ = {
			isa = XCBuildConfiguration;
			baseConfigurationReference = F72C028C3E5D2874CD1526CB /* Pods-UIEqualizer.debug.xcconfig */;
			buildSettings = {
				ASSETCATALOG_COMPILER_APPICON_NAME = AppIcon;
				ASSETCATALOG_COMPILER_GLOBAL_ACCENT_COLOR_NAME = AccentColor;
				CODE_SIGN_ENTITLEMENTS = UIEqualizer/UIEqualizer.entitlements;
				CODE_SIGN_STYLE = Automatic;
				CURRENT_PROJECT_VERSION = 1;
				DEVELOPMENT_ASSET_PATHS = "\"UIEqualizer/Preview Content\"";
				DEVELOPMENT_TEAM = 4BB9BFSL47;
				ENABLE_HARDENED_RUNTIME = YES;
				ENABLE_PREVIEWS = YES;
				ENABLE_USER_SCRIPT_SANDBOXING = NO;
				GENERATE_INFOPLIST_FILE = YES;
				INFOPLIST_KEY_LSApplicationCategoryType = "public.app-category.music";
				"INFOPLIST_KEY_UIApplicationSceneManifest_Generation[sdk=iphoneos*]" = YES;
				"INFOPLIST_KEY_UIApplicationSceneManifest_Generation[sdk=iphonesimulator*]" = YES;
				"INFOPLIST_KEY_UIApplicationSupportsIndirectInputEvents[sdk=iphoneos*]" = YES;
				"INFOPLIST_KEY_UIApplicationSupportsIndirectInputEvents[sdk=iphonesimulator*]" = YES;
				"INFOPLIST_KEY_UILaunchScreen_Generation[sdk=iphoneos*]" = YES;
				"INFOPLIST_KEY_UILaunchScreen_Generation[sdk=iphonesimulator*]" = YES;
				"INFOPLIST_KEY_UIStatusBarStyle[sdk=iphoneos*]" = UIStatusBarStyleDefault;
				"INFOPLIST_KEY_UIStatusBarStyle[sdk=iphonesimulator*]" = UIStatusBarStyleDefault;
				INFOPLIST_KEY_UISupportedInterfaceOrientations_iPad = "UIInterfaceOrientationPortrait UIInterfaceOrientationPortraitUpsideDown UIInterfaceOrientationLandscapeLeft UIInterfaceOrientationLandscapeRight";
				INFOPLIST_KEY_UISupportedInterfaceOrientations_iPhone = "UIInterfaceOrientationPortrait UIInterfaceOrientationLandscapeLeft UIInterfaceOrientationLandscapeRight";
				IPHONEOS_DEPLOYMENT_TARGET = 16.0;
				LD_RUNPATH_SEARCH_PATHS = "@executable_path/Frameworks";
				"LD_RUNPATH_SEARCH_PATHS[sdk=macosx*]" = "@executable_path/../Frameworks";
				MACOSX_DEPLOYMENT_TARGET = 15.0;
				MARKETING_VERSION = 1.0;
				PRODUCT_BUNDLE_IDENTIFIER = con.build.zingmp3.UIEqualizer;
				PRODUCT_NAME = "$(TARGET_NAME)";
				SDKROOT = auto;
				SUPPORTED_PLATFORMS = "iphoneos iphonesimulator macosx";
				SUPPORTS_MACCATALYST = NO;
				SWIFT_EMIT_LOC_STRINGS = YES;
				SWIFT_VERSION = 5.0;
				TARGETED_DEVICE_FAMILY = "1,2";
				XROS_DEPLOYMENT_TARGET = 2.0;
			};
			name = Debug;
		};
		892381DC2DEF1150000461E2 /* Release */ = {
			isa = XCBuildConfiguration;
			baseConfigurationReference = A6992D41AE6C57A688B68AF4 /* Pods-UIEqualizer.release.xcconfig */;
			buildSettings = {
				ASSETCATALOG_COMPILER_APPICON_NAME = AppIcon;
				ASSETCATALOG_COMPILER_GLOBAL_ACCENT_COLOR_NAME = AccentColor;
				CODE_SIGN_ENTITLEMENTS = UIEqualizer/UIEqualizer.entitlements;
				CODE_SIGN_STYLE = Automatic;
				CURRENT_PROJECT_VERSION = 1;
				DEVELOPMENT_ASSET_PATHS = "\"UIEqualizer/Preview Content\"";
				DEVELOPMENT_TEAM = 4BB9BFSL47;
				ENABLE_HARDENED_RUNTIME = YES;
				ENABLE_PREVIEWS = YES;
				ENABLE_USER_SCRIPT_SANDBOXING = NO;
				GENERATE_INFOPLIST_FILE = YES;
				INFOPLIST_KEY_LSApplicationCategoryType = "public.app-category.music";
				"INFOPLIST_KEY_UIApplicationSceneManifest_Generation[sdk=iphoneos*]" = YES;
				"INFOPLIST_KEY_UIApplicationSceneManifest_Generation[sdk=iphonesimulator*]" = YES;
				"INFOPLIST_KEY_UIApplicationSupportsIndirectInputEvents[sdk=iphoneos*]" = YES;
				"INFOPLIST_KEY_UIApplicationSupportsIndirectInputEvents[sdk=iphonesimulator*]" = YES;
				"INFOPLIST_KEY_UILaunchScreen_Generation[sdk=iphoneos*]" = YES;
				"INFOPLIST_KEY_UILaunchScreen_Generation[sdk=iphonesimulator*]" = YES;
				"INFOPLIST_KEY_UIStatusBarStyle[sdk=iphoneos*]" = UIStatusBarStyleDefault;
				"INFOPLIST_KEY_UIStatusBarStyle[sdk=iphonesimulator*]" = UIStatusBarStyleDefault;
				INFOPLIST_KEY_UISupportedInterfaceOrientations_iPad = "UIInterfaceOrientationPortrait UIInterfaceOrientationPortraitUpsideDown UIInterfaceOrientationLandscapeLeft UIInterfaceOrientationLandscapeRight";
				INFOPLIST_KEY_UISupportedInterfaceOrientations_iPhone = "UIInterfaceOrientationPortrait UIInterfaceOrientationLandscapeLeft UIInterfaceOrientationLandscapeRight";
				IPHONEOS_DEPLOYMENT_TARGET = 16.0;
				LD_RUNPATH_SEARCH_PATHS = "@executable_path/Frameworks";
				"LD_RUNPATH_SEARCH_PATHS[sdk=macosx*]" = "@executable_path/../Frameworks";
				MACOSX_DEPLOYMENT_TARGET = 15.0;
				MARKETING_VERSION = 1.0;
				PRODUCT_BUNDLE_IDENTIFIER = con.build.zingmp3.UIEqualizer;
				PRODUCT_NAME = "$(TARGET_NAME)";
				SDKROOT = auto;
				SUPPORTED_PLATFORMS = "iphoneos iphonesimulator macosx";
				SUPPORTS_MACCATALYST = NO;
				SWIFT_EMIT_LOC_STRINGS = YES;
				SWIFT_VERSION = 5.0;
				TARGETED_DEVICE_FAMILY = "1,2";
				XROS_DEPLOYMENT_TARGET = 2.0;
			};
			name = Release;
		};
/* End XCBuildConfiguration section */

/* Begin XCConfigurationList section */
		892381C62DEF114E000461E2 /* Build configuration list for PBXProject "UIEqualizer" */ = {
			isa = XCConfigurationList;
			buildConfigurations = (
				892381D82DEF1150000461E2 /* Debug */,
				892381D92DEF1150000461E2 /* Release */,
			);
			defaultConfigurationIsVisible = 0;
			defaultConfigurationName = Release;
		};
		892381DA2DEF1150000461E2 /* Build configuration list for PBXNativeTarget "UIEqualizer" */ = {
			isa = XCConfigurationList;
			buildConfigurations = (
				892381DB2DEF1150000461E2 /* Debug */,
				892381DC2DEF1150000461E2 /* Release */,
			);
			defaultConfigurationIsVisible = 0;
			defaultConfigurationName = Release;
		};
/* End XCConfigurationList section */
	};
	rootObject = 892381C32DEF114E000461E2 /* Project object */;
}
